
Microsoft Visual Studio Solution File, Format Version 12.00
# Visual Studio 15
VisualStudioVersion = 15.0.27130.2026
MinimumVisualStudioVersion = 10.0.40219.1
Project("{FAE04EC0-301F-11D3-BF4B-00C04F79EFBC}") = "botters", "botters\botters.csproj", "{D0053F91-5980-45BA-ACB4-0F3A6E74F3F0}"
EndProject
Project("{FAE04EC0-301F-11D3-BF4B-00C04F79EFBC}") = "builder", "builder\builder.csproj", "{7AF30D7E-5942-4D89-8AA3-1C812CA817CA}"
EndProject
Global
	GlobalSection(SolutionConfigurationPlatforms) = preSolution
		Debug|Any CPU = Debug|Any CPU
		Release|Any CPU = Release|Any CPU
	EndGlobalSection
	GlobalSection(ProjectConfigurationPlatforms) = postSolution
		{D0053F91-5980-45BA-ACB4-0F3A6E74F3F0}.Debug|Any CPU.ActiveCfg = Debug|Any CPU
		{D0053F91-5980-45BA-ACB4-0F3A6E74F3F0}.Debug|Any CPU.Build.0 = Debug|Any CPU
		{D0053F91-5980-45BA-ACB4-0F3A6E74F3F0}.Release|Any CPU.ActiveCfg = Release|Any CPU
		{D0053F91-5980-45BA-ACB4-0F3A6E74F3F0}.Release|Any CPU.Build.0 = Release|Any CPU
		{7AF30D7E-5942-4D89-8AA3-1C812CA817CA}.Debug|Any CPU.ActiveCfg = Debug|Any CPU
		{7AF30D7E-5942-4D89-8AA3-1C812CA817CA}.Debug|Any CPU.Build.0 = Debug|Any CPU
		{7AF30D7E-5942-4D89-8AA3-1C812CA817CA}.Release|Any CPU.ActiveCfg = Release|Any CPU
		{7AF30D7E-5942-4D89-8AA3-1C812CA817CA}.Release|Any CPU.Build.0 = Release|Any CPU
	EndGlobalSection
	GlobalSection(SolutionProperties) = preSolution
		HideSolutionNode = FALSE
	EndGlobalSection
	GlobalSection(ExtensibilityGlobals) = postSolution
		SolutionGuid = {0E4912F6-82CB-49E5-8B8F-6DFB2BF4A1EF}
	EndGlobalSection
EndGlobal
